// !$*UTF8*$!
{
	archiveVersion = 1;
	classes = {
	};
	objectVersion = 51;
	objects = {

/* Begin PBXBuildFile section */
		070C0A9623608D45002CEE22 /* SetUpProfilePage.swift in Sources */ = {isa = PBXBuildFile; fileRef = 070C0A9523608D45002CEE22 /* SetUpProfilePage.swift */; };
		070C0A982360915E002CEE22 /* RandomColorGenerator.swift in Sources */ = {isa = PBXBuildFile; fileRef = 070C0A972360915E002CEE22 /* RandomColorGenerator.swift */; };
		070C0A9A2360C694002CEE22 /* SearchPageViewController.swift in Sources */ = {isa = PBXBuildFile; fileRef = 070C0A992360C694002CEE22 /* SearchPageViewController.swift */; };
		070C0A9E2360DC80002CEE22 /* SearchTableViewCell.swift in Sources */ = {isa = PBXBuildFile; fileRef = 070C0A9D2360DC80002CEE22 /* SearchTableViewCell.swift */; };
		070C0AA02360FB13002CEE22 /* FilesTableViewController.swift in Sources */ = {isa = PBXBuildFile; fileRef = 070C0A9F2360FB13002CEE22 /* FilesTableViewController.swift */; };
		070C0AA22360FB48002CEE22 /* FilesTableViewCell.swift in Sources */ = {isa = PBXBuildFile; fileRef = 070C0AA12360FB48002CEE22 /* FilesTableViewCell.swift */; };
		070C0AA62360FC0B002CEE22 /* FilesCollectionViewCell.swift in Sources */ = {isa = PBXBuildFile; fileRef = 070C0AA52360FC0B002CEE22 /* FilesCollectionViewCell.swift */; };
		070C0AA82361312B002CEE22 /* SetUpFilesPage.swift in Sources */ = {isa = PBXBuildFile; fileRef = 070C0AA72361312B002CEE22 /* SetUpFilesPage.swift */; };
		0711749D2372367B00BBF904 /* TabBarController.swift in Sources */ = {isa = PBXBuildFile; fileRef = 0711749C2372367B00BBF904 /* TabBarController.swift */; };
		075B2E1D235E0F55008E2B1B /* AppDelegate.swift in Sources */ = {isa = PBXBuildFile; fileRef = 075B2E1C235E0F55008E2B1B /* AppDelegate.swift */; };
		075B2E1F235E0F55008E2B1B /* SceneDelegate.swift in Sources */ = {isa = PBXBuildFile; fileRef = 075B2E1E235E0F55008E2B1B /* SceneDelegate.swift */; };
		075B2E24235E0F55008E2B1B /* Main.storyboard in Resources */ = {isa = PBXBuildFile; fileRef = 075B2E22235E0F55008E2B1B /* Main.storyboard */; };
		075B2E26235E0F58008E2B1B /* Assets.xcassets in Resources */ = {isa = PBXBuildFile; fileRef = 075B2E25235E0F58008E2B1B /* Assets.xcassets */; };
		075B2E29235E0F58008E2B1B /* LaunchScreen.storyboard in Resources */ = {isa = PBXBuildFile; fileRef = 075B2E27235E0F58008E2B1B /* LaunchScreen.storyboard */; };
		075B2E34235E0F59008E2B1B /* ListenrTests.swift in Sources */ = {isa = PBXBuildFile; fileRef = 075B2E33235E0F59008E2B1B /* ListenrTests.swift */; };
		075B2E3F235E0F59008E2B1B /* ListenrUITests.swift in Sources */ = {isa = PBXBuildFile; fileRef = 075B2E3E235E0F59008E2B1B /* ListenrUITests.swift */; };
		075B2E4E235E0FCC008E2B1B /* HomeTableViewController.swift in Sources */ = {isa = PBXBuildFile; fileRef = 075B2E4D235E0FCC008E2B1B /* HomeTableViewController.swift */; };
		075B2E52235E1048008E2B1B /* HomeTableViewCell.swift in Sources */ = {isa = PBXBuildFile; fileRef = 075B2E51235E1048008E2B1B /* HomeTableViewCell.swift */; };
		075B2E54235E1101008E2B1B /* HomeCollectionViewCell.swift in Sources */ = {isa = PBXBuildFile; fileRef = 075B2E53235E1101008E2B1B /* HomeCollectionViewCell.swift */; };
		075B2E56235F4938008E2B1B /* ProfileTableViewCell.swift in Sources */ = {isa = PBXBuildFile; fileRef = 075B2E55235F4938008E2B1B /* ProfileTableViewCell.swift */; };
		075B2E58235F4949008E2B1B /* ProfileViewController.swift in Sources */ = {isa = PBXBuildFile; fileRef = 075B2E57235F4949008E2B1B /* ProfileViewController.swift */; };
		075B2E5B235F641D008E2B1B /* Global Variables.swift in Sources */ = {isa = PBXBuildFile; fileRef = 075B2E5A235F641D008E2B1B /* Global Variables.swift */; };
		077AD8EE2370C19C00890370 /* NewStoryNavBar.swift in Sources */ = {isa = PBXBuildFile; fileRef = 077AD8ED2370C19C00890370 /* NewStoryNavBar.swift */; };
		077AD8F12370D68E00890370 /* NewStoryContinuedViewController.swift in Sources */ = {isa = PBXBuildFile; fileRef = 077AD8F02370D68E00890370 /* NewStoryContinuedViewController.swift */; };
		078B123323674B0100764369 /* NewStoryViewController.swift in Sources */ = {isa = PBXBuildFile; fileRef = 078B123223674B0100764369 /* NewStoryViewController.swift */; };
		078D16BD23843463009D9183 /* orangeFoot.mp3 in Resources */ = {isa = PBXBuildFile; fileRef = 078CFD1B237DE1F600B04122 /* orangeFoot.mp3 */; };
		07C3C36123878FA90042B5AF /* NewCollectionViewController.swift in Sources */ = {isa = PBXBuildFile; fileRef = 07C3C36023878FA90042B5AF /* NewCollectionViewController.swift */; };
		07C3C366238866670042B5AF /* ProfileTableViewCell2.swift in Sources */ = {isa = PBXBuildFile; fileRef = 07C3C365238866670042B5AF /* ProfileTableViewCell2.swift */; };
		07C3C3682388AB3D0042B5AF /* CollectionTableViewController.swift in Sources */ = {isa = PBXBuildFile; fileRef = 07C3C3672388AB3D0042B5AF /* CollectionTableViewController.swift */; };
		07C3C36C238B455C0042B5AF /* CollectionTableViewCell.swift in Sources */ = {isa = PBXBuildFile; fileRef = 07C3C36B238B455C0042B5AF /* CollectionTableViewCell.swift */; };
		07D46E9E238705DB00FD7D28 /* GoogleService-Info.plist in Resources */ = {isa = PBXBuildFile; fileRef = 07D46E9D238705DA00FD7D28 /* GoogleService-Info.plist */; };
		07E581E3238DBFAE00856AB2 /* QueueViewController.swift in Sources */ = {isa = PBXBuildFile; fileRef = 07E581E2238DBFAE00856AB2 /* QueueViewController.swift */; };
		07E581E5238DC09700856AB2 /* QueueTableViewCell.swift in Sources */ = {isa = PBXBuildFile; fileRef = 07E581E4238DC09700856AB2 /* QueueTableViewCell.swift */; };
		07F3CBE1237329FF00DD3793 /* PlayerViewController.swift in Sources */ = {isa = PBXBuildFile; fileRef = 07F3CBE0237329FF00DD3793 /* PlayerViewController.swift */; };
		07F3CBE32375AE0E00DD3793 /* AudioPlayer.swift in Sources */ = {isa = PBXBuildFile; fileRef = 07F3CBE22375AE0E00DD3793 /* AudioPlayer.swift */; };
		07F813BC2371C0C9009AC617 /* CatigorySelectorCollectionViewCell.swift in Sources */ = {isa = PBXBuildFile; fileRef = 07F813BB2371C0C9009AC617 /* CatigorySelectorCollectionViewCell.swift */; };
		07F813BE2371C121009AC617 /* CatigorySelectorViewController.swift in Sources */ = {isa = PBXBuildFile; fileRef = 07F813BD2371C121009AC617 /* CatigorySelectorViewController.swift */; };
		0A26FE51238D9F1900C75CA6 /* clippp.jpg in Resources */ = {isa = PBXBuildFile; fileRef = 0A26FE50238D9F1900C75CA6 /* clippp.jpg */; };
		0AA451A5238C6984000848FA /* FirebaseFuncs.swift in Sources */ = {isa = PBXBuildFile; fileRef = 0AA451A4238C6984000848FA /* FirebaseFuncs.swift */; };
		1E700823D65D9891DB1D5769 /* Pods_Listnr.framework in Frameworks */ = {isa = PBXBuildFile; fileRef = B1D4F170E0AEF3B61AB2FDE9 /* Pods_Listnr.framework */; };
		78E1516636B012CB51D04B7E /* Pods_ListnrTests.framework in Frameworks */ = {isa = PBXBuildFile; fileRef = FE8BB888E1605FD112FE1A4F /* Pods_ListnrTests.framework */; };
		79EEB10CC988CB94C04C27E5 /* Pods_Listnr_ListnrUITests.framework in Frameworks */ = {isa = PBXBuildFile; fileRef = E0009D695E1145504E280A33 /* Pods_Listnr_ListnrUITests.framework */; };
/* End PBXBuildFile section */

/* Begin PBXContainerItemProxy section */
		075B2E30235E0F59008E2B1B /* PBXContainerItemProxy */ = {
			isa = PBXContainerItemProxy;
			containerPortal = 075B2E11235E0F55008E2B1B /* Project object */;
			proxyType = 1;
			remoteGlobalIDString = 075B2E18235E0F55008E2B1B;
			remoteInfo = Listenr;
		};
		075B2E3B235E0F59008E2B1B /* PBXContainerItemProxy */ = {
			isa = PBXContainerItemProxy;
			containerPortal = 075B2E11235E0F55008E2B1B /* Project object */;
			proxyType = 1;
			remoteGlobalIDString = 075B2E18235E0F55008E2B1B;
			remoteInfo = Listenr;
		};
/* End PBXContainerItemProxy section */

/* Begin PBXFileReference section */
		070C0A9523608D45002CEE22 /* SetUpProfilePage.swift */ = {isa = PBXFileReference; lastKnownFileType = sourcecode.swift; path = SetUpProfilePage.swift; sourceTree = "<group>"; };
		070C0A972360915E002CEE22 /* RandomColorGenerator.swift */ = {isa = PBXFileReference; lastKnownFileType = sourcecode.swift; path = RandomColorGenerator.swift; sourceTree = "<group>"; };
		070C0A992360C694002CEE22 /* SearchPageViewController.swift */ = {isa = PBXFileReference; lastKnownFileType = sourcecode.swift; path = SearchPageViewController.swift; sourceTree = "<group>"; };
		070C0A9D2360DC80002CEE22 /* SearchTableViewCell.swift */ = {isa = PBXFileReference; lastKnownFileType = sourcecode.swift; path = SearchTableViewCell.swift; sourceTree = "<group>"; };
		070C0A9F2360FB13002CEE22 /* FilesTableViewController.swift */ = {isa = PBXFileReference; lastKnownFileType = sourcecode.swift; path = FilesTableViewController.swift; sourceTree = "<group>"; };
		070C0AA12360FB48002CEE22 /* FilesTableViewCell.swift */ = {isa = PBXFileReference; lastKnownFileType = sourcecode.swift; path = FilesTableViewCell.swift; sourceTree = "<group>"; };
		070C0AA52360FC0B002CEE22 /* FilesCollectionViewCell.swift */ = {isa = PBXFileReference; lastKnownFileType = sourcecode.swift; path = FilesCollectionViewCell.swift; sourceTree = "<group>"; };
		070C0AA72361312B002CEE22 /* SetUpFilesPage.swift */ = {isa = PBXFileReference; lastKnownFileType = sourcecode.swift; path = SetUpFilesPage.swift; sourceTree = "<group>"; };
		0711749C2372367B00BBF904 /* TabBarController.swift */ = {isa = PBXFileReference; lastKnownFileType = sourcecode.swift; path = TabBarController.swift; sourceTree = "<group>"; };
		075B2E19235E0F55008E2B1B /* Listnr.app */ = {isa = PBXFileReference; explicitFileType = wrapper.application; includeInIndex = 0; path = Listnr.app; sourceTree = BUILT_PRODUCTS_DIR; };
		075B2E1C235E0F55008E2B1B /* AppDelegate.swift */ = {isa = PBXFileReference; lastKnownFileType = sourcecode.swift; path = AppDelegate.swift; sourceTree = "<group>"; };
		075B2E1E235E0F55008E2B1B /* SceneDelegate.swift */ = {isa = PBXFileReference; lastKnownFileType = sourcecode.swift; path = SceneDelegate.swift; sourceTree = "<group>"; };
		075B2E23235E0F55008E2B1B /* Base */ = {isa = PBXFileReference; lastKnownFileType = file.storyboard; name = Base; path = Base.lproj/Main.storyboard; sourceTree = "<group>"; };
		075B2E25235E0F58008E2B1B /* Assets.xcassets */ = {isa = PBXFileReference; lastKnownFileType = folder.assetcatalog; path = Assets.xcassets; sourceTree = "<group>"; };
		075B2E28235E0F58008E2B1B /* Base */ = {isa = PBXFileReference; lastKnownFileType = file.storyboard; name = Base; path = Base.lproj/LaunchScreen.storyboard; sourceTree = "<group>"; };
		075B2E2A235E0F58008E2B1B /* Info.plist */ = {isa = PBXFileReference; lastKnownFileType = text.plist.xml; path = Info.plist; sourceTree = "<group>"; };
		075B2E2F235E0F59008E2B1B /* ListnrTests.xctest */ = {isa = PBXFileReference; explicitFileType = wrapper.cfbundle; includeInIndex = 0; path = ListnrTests.xctest; sourceTree = BUILT_PRODUCTS_DIR; };
		075B2E33235E0F59008E2B1B /* ListenrTests.swift */ = {isa = PBXFileReference; lastKnownFileType = sourcecode.swift; path = ListenrTests.swift; sourceTree = "<group>"; };
		075B2E35235E0F59008E2B1B /* Info.plist */ = {isa = PBXFileReference; lastKnownFileType = text.plist.xml; path = Info.plist; sourceTree = "<group>"; };
		075B2E3A235E0F59008E2B1B /* ListnrUITests.xctest */ = {isa = PBXFileReference; explicitFileType = wrapper.cfbundle; includeInIndex = 0; path = ListnrUITests.xctest; sourceTree = BUILT_PRODUCTS_DIR; };
		075B2E3E235E0F59008E2B1B /* ListenrUITests.swift */ = {isa = PBXFileReference; lastKnownFileType = sourcecode.swift; path = ListenrUITests.swift; sourceTree = "<group>"; };
		075B2E40235E0F59008E2B1B /* Info.plist */ = {isa = PBXFileReference; lastKnownFileType = text.plist.xml; path = Info.plist; sourceTree = "<group>"; };
		075B2E4D235E0FCC008E2B1B /* HomeTableViewController.swift */ = {isa = PBXFileReference; lastKnownFileType = sourcecode.swift; path = HomeTableViewController.swift; sourceTree = "<group>"; };
		075B2E51235E1048008E2B1B /* HomeTableViewCell.swift */ = {isa = PBXFileReference; lastKnownFileType = sourcecode.swift; path = HomeTableViewCell.swift; sourceTree = "<group>"; };
		075B2E53235E1101008E2B1B /* HomeCollectionViewCell.swift */ = {isa = PBXFileReference; lastKnownFileType = sourcecode.swift; path = HomeCollectionViewCell.swift; sourceTree = "<group>"; };
		075B2E55235F4938008E2B1B /* ProfileTableViewCell.swift */ = {isa = PBXFileReference; lastKnownFileType = sourcecode.swift; path = ProfileTableViewCell.swift; sourceTree = "<group>"; };
		075B2E57235F4949008E2B1B /* ProfileViewController.swift */ = {isa = PBXFileReference; lastKnownFileType = sourcecode.swift; path = ProfileViewController.swift; sourceTree = "<group>"; };
		075B2E5A235F641D008E2B1B /* Global Variables.swift */ = {isa = PBXFileReference; lastKnownFileType = sourcecode.swift; path = "Global Variables.swift"; sourceTree = "<group>"; };
		077AD8ED2370C19C00890370 /* NewStoryNavBar.swift */ = {isa = PBXFileReference; lastKnownFileType = sourcecode.swift; path = NewStoryNavBar.swift; sourceTree = "<group>"; };
		077AD8F02370D68E00890370 /* NewStoryContinuedViewController.swift */ = {isa = PBXFileReference; lastKnownFileType = sourcecode.swift; path = NewStoryContinuedViewController.swift; sourceTree = "<group>"; };
		078B123223674B0100764369 /* NewStoryViewController.swift */ = {isa = PBXFileReference; lastKnownFileType = sourcecode.swift; path = NewStoryViewController.swift; sourceTree = "<group>"; };
		078CFD1B237DE1F600B04122 /* orangeFoot.mp3 */ = {isa = PBXFileReference; lastKnownFileType = audio.mp3; path = orangeFoot.mp3; sourceTree = "<group>"; };
		07C3C36023878FA90042B5AF /* NewCollectionViewController.swift */ = {isa = PBXFileReference; lastKnownFileType = sourcecode.swift; path = NewCollectionViewController.swift; sourceTree = "<group>"; };
		07C3C365238866670042B5AF /* ProfileTableViewCell2.swift */ = {isa = PBXFileReference; lastKnownFileType = sourcecode.swift; path = ProfileTableViewCell2.swift; sourceTree = "<group>"; };
		07C3C3672388AB3D0042B5AF /* CollectionTableViewController.swift */ = {isa = PBXFileReference; lastKnownFileType = sourcecode.swift; path = CollectionTableViewController.swift; sourceTree = "<group>"; };
		07C3C36B238B455C0042B5AF /* CollectionTableViewCell.swift */ = {isa = PBXFileReference; lastKnownFileType = sourcecode.swift; path = CollectionTableViewCell.swift; sourceTree = "<group>"; };
		07D46E9D238705DA00FD7D28 /* GoogleService-Info.plist */ = {isa = PBXFileReference; lastKnownFileType = text.plist; path = "GoogleService-Info.plist"; sourceTree = SOURCE_ROOT; };
		07E581E2238DBFAE00856AB2 /* QueueViewController.swift */ = {isa = PBXFileReference; lastKnownFileType = sourcecode.swift; path = QueueViewController.swift; sourceTree = "<group>"; };
		07E581E4238DC09700856AB2 /* QueueTableViewCell.swift */ = {isa = PBXFileReference; lastKnownFileType = sourcecode.swift; path = QueueTableViewCell.swift; sourceTree = "<group>"; };
		07F3CBE0237329FF00DD3793 /* PlayerViewController.swift */ = {isa = PBXFileReference; lastKnownFileType = sourcecode.swift; path = PlayerViewController.swift; sourceTree = "<group>"; };
		07F3CBE22375AE0E00DD3793 /* AudioPlayer.swift */ = {isa = PBXFileReference; lastKnownFileType = sourcecode.swift; path = AudioPlayer.swift; sourceTree = "<group>"; };
		07F813BB2371C0C9009AC617 /* CatigorySelectorCollectionViewCell.swift */ = {isa = PBXFileReference; lastKnownFileType = sourcecode.swift; path = CatigorySelectorCollectionViewCell.swift; sourceTree = "<group>"; };
		07F813BD2371C121009AC617 /* CatigorySelectorViewController.swift */ = {isa = PBXFileReference; lastKnownFileType = sourcecode.swift; path = CatigorySelectorViewController.swift; sourceTree = "<group>"; };
		0A26FE50238D9F1900C75CA6 /* clippp.jpg */ = {isa = PBXFileReference; lastKnownFileType = image.jpeg; path = clippp.jpg; sourceTree = "<group>"; };
		0AA451A4238C6984000848FA /* FirebaseFuncs.swift */ = {isa = PBXFileReference; lastKnownFileType = sourcecode.swift; path = FirebaseFuncs.swift; sourceTree = "<group>"; };
		14470C385F5AF619E6A2B0DE /* Pods-Listnr.release.xcconfig */ = {isa = PBXFileReference; includeInIndex = 1; lastKnownFileType = text.xcconfig; name = "Pods-Listnr.release.xcconfig"; path = "Target Support Files/Pods-Listnr/Pods-Listnr.release.xcconfig"; sourceTree = "<group>"; };
		26B1665565B5056CA4C7F196 /* Pods-Listnr.debug.xcconfig */ = {isa = PBXFileReference; includeInIndex = 1; lastKnownFileType = text.xcconfig; name = "Pods-Listnr.debug.xcconfig"; path = "Target Support Files/Pods-Listnr/Pods-Listnr.debug.xcconfig"; sourceTree = "<group>"; };
		3616695E5544E644116C7DC5 /* Pods-Listnr-ListnrUITests.release.xcconfig */ = {isa = PBXFileReference; includeInIndex = 1; lastKnownFileType = text.xcconfig; name = "Pods-Listnr-ListnrUITests.release.xcconfig"; path = "Target Support Files/Pods-Listnr-ListnrUITests/Pods-Listnr-ListnrUITests.release.xcconfig"; sourceTree = "<group>"; };
		45C2DBB74AD1B8F021BB95CB /* Pods-ListnrTests.release.xcconfig */ = {isa = PBXFileReference; includeInIndex = 1; lastKnownFileType = text.xcconfig; name = "Pods-ListnrTests.release.xcconfig"; path = "Target Support Files/Pods-ListnrTests/Pods-ListnrTests.release.xcconfig"; sourceTree = "<group>"; };
		B1D4F170E0AEF3B61AB2FDE9 /* Pods_Listnr.framework */ = {isa = PBXFileReference; explicitFileType = wrapper.framework; includeInIndex = 0; path = Pods_Listnr.framework; sourceTree = BUILT_PRODUCTS_DIR; };
		C7B12535991637BEE3F19052 /* Pods-ListnrTests.debug.xcconfig */ = {isa = PBXFileReference; includeInIndex = 1; lastKnownFileType = text.xcconfig; name = "Pods-ListnrTests.debug.xcconfig"; path = "Target Support Files/Pods-ListnrTests/Pods-ListnrTests.debug.xcconfig"; sourceTree = "<group>"; };
		DA52DF6A363BF949863F6F60 /* Pods-Listnr-ListnrUITests.debug.xcconfig */ = {isa = PBXFileReference; includeInIndex = 1; lastKnownFileType = text.xcconfig; name = "Pods-Listnr-ListnrUITests.debug.xcconfig"; path = "Target Support Files/Pods-Listnr-ListnrUITests/Pods-Listnr-ListnrUITests.debug.xcconfig"; sourceTree = "<group>"; };
		E0009D695E1145504E280A33 /* Pods_Listnr_ListnrUITests.framework */ = {isa = PBXFileReference; explicitFileType = wrapper.framework; includeInIndex = 0; path = Pods_Listnr_ListnrUITests.framework; sourceTree = BUILT_PRODUCTS_DIR; };
		FE8BB888E1605FD112FE1A4F /* Pods_ListnrTests.framework */ = {isa = PBXFileReference; explicitFileType = wrapper.framework; includeInIndex = 0; path = Pods_ListnrTests.framework; sourceTree = BUILT_PRODUCTS_DIR; };
/* End PBXFileReference section */

/* Begin PBXFrameworksBuildPhase section */
		075B2E16235E0F55008E2B1B /* Frameworks */ = {
			isa = PBXFrameworksBuildPhase;
			buildActionMask = 2147483647;
			files = (
				1E700823D65D9891DB1D5769 /* Pods_Listnr.framework in Frameworks */,
			);
			runOnlyForDeploymentPostprocessing = 0;
		};
		075B2E2C235E0F59008E2B1B /* Frameworks */ = {
			isa = PBXFrameworksBuildPhase;
			buildActionMask = 2147483647;
			files = (
				78E1516636B012CB51D04B7E /* Pods_ListnrTests.framework in Frameworks */,
			);
			runOnlyForDeploymentPostprocessing = 0;
		};
		075B2E37235E0F59008E2B1B /* Frameworks */ = {
			isa = PBXFrameworksBuildPhase;
			buildActionMask = 2147483647;
			files = (
				79EEB10CC988CB94C04C27E5 /* Pods_Listnr_ListnrUITests.framework in Frameworks */,
			);
			runOnlyForDeploymentPostprocessing = 0;
		};
/* End PBXFrameworksBuildPhase section */

/* Begin PBXGroup section */
		075B2E10235E0F55008E2B1B = {
			isa = PBXGroup;
			children = (
				075B2E1B235E0F55008E2B1B /* Listnr */,
				075B2E32235E0F59008E2B1B /* ListenrTests */,
				075B2E3D235E0F59008E2B1B /* ListenrUITests */,
				075B2E1A235E0F55008E2B1B /* Products */,
				134945BB49CB4BF0EE5EB2C6 /* Pods */,
				D3E976E484A57177ACF66DA2 /* Frameworks */,
			);
			sourceTree = "<group>";
		};
		075B2E1A235E0F55008E2B1B /* Products */ = {
			isa = PBXGroup;
			children = (
				075B2E19235E0F55008E2B1B /* Listnr.app */,
				075B2E2F235E0F59008E2B1B /* ListnrTests.xctest */,
				075B2E3A235E0F59008E2B1B /* ListnrUITests.xctest */,
			);
			name = Products;
			sourceTree = "<group>";
		};
		075B2E1B235E0F55008E2B1B /* Listnr */ = {
			isa = PBXGroup;
			children = (
				0A26FE50238D9F1900C75CA6 /* clippp.jpg */,
				07D46E9D238705DA00FD7D28 /* GoogleService-Info.plist */,
				078CFD1B237DE1F600B04122 /* orangeFoot.mp3 */,
				075B2E1C235E0F55008E2B1B /* AppDelegate.swift */,
				075B2E1E235E0F55008E2B1B /* SceneDelegate.swift */,
				075B2E4F235E0FD3008E2B1B /* View Controllers */,
				075B2E50235E1020008E2B1B /* Cells */,
				075B2E59235F63DC008E2B1B /* Other swift files */,
				075B2E4C235E0F75008E2B1B /* storyboards */,
				075B2E25235E0F58008E2B1B /* Assets.xcassets */,
				075B2E2A235E0F58008E2B1B /* Info.plist */,
			);
			path = Listnr;
			sourceTree = "<group>";
		};
		075B2E32235E0F59008E2B1B /* ListenrTests */ = {
			isa = PBXGroup;
			children = (
				075B2E33235E0F59008E2B1B /* ListenrTests.swift */,
				075B2E35235E0F59008E2B1B /* Info.plist */,
			);
			path = ListenrTests;
			sourceTree = "<group>";
		};
		075B2E3D235E0F59008E2B1B /* ListenrUITests */ = {
			isa = PBXGroup;
			children = (
				075B2E3E235E0F59008E2B1B /* ListenrUITests.swift */,
				075B2E40235E0F59008E2B1B /* Info.plist */,
			);
			path = ListenrUITests;
			sourceTree = "<group>";
		};
		075B2E4C235E0F75008E2B1B /* storyboards */ = {
			isa = PBXGroup;
			children = (
				075B2E22235E0F55008E2B1B /* Main.storyboard */,
				075B2E27235E0F58008E2B1B /* LaunchScreen.storyboard */,
			);
			path = storyboards;
			sourceTree = "<group>";
		};
		075B2E4F235E0FD3008E2B1B /* View Controllers */ = {
			isa = PBXGroup;
			children = (
				0711749C2372367B00BBF904 /* TabBarController.swift */,
				075B2E4D235E0FCC008E2B1B /* HomeTableViewController.swift */,
				077AD8EF2370D62E00890370 /* New Story */,
				07C3C35F23878F700042B5AF /* Profile */,
				070C0A992360C694002CEE22 /* SearchPageViewController.swift */,
				070C0A9F2360FB13002CEE22 /* FilesTableViewController.swift */,
				07E581E1238DBF7500856AB2 /* player */,
			);
			path = "View Controllers";
			sourceTree = "<group>";
		};
		075B2E50235E1020008E2B1B /* Cells */ = {
			isa = PBXGroup;
			children = (
				07C3C362238865FA0042B5AF /* Home cells */,
				07C3C364238866220042B5AF /* Profile cells */,
				070C0A9D2360DC80002CEE22 /* SearchTableViewCell.swift */,
				07F813BB2371C0C9009AC617 /* CatigorySelectorCollectionViewCell.swift */,
				07C3C3632388660E0042B5AF /* Files cells */,
				07E581E4238DC09700856AB2 /* QueueTableViewCell.swift */,
			);
			path = Cells;
			sourceTree = "<group>";
		};
		075B2E59235F63DC008E2B1B /* Other swift files */ = {
			isa = PBXGroup;
			children = (
				075B2E5A235F641D008E2B1B /* Global Variables.swift */,
				070C0A9523608D45002CEE22 /* SetUpProfilePage.swift */,
				070C0AA72361312B002CEE22 /* SetUpFilesPage.swift */,
				07F3CBE22375AE0E00DD3793 /* AudioPlayer.swift */,
				070C0A972360915E002CEE22 /* RandomColorGenerator.swift */,
				0AA451A4238C6984000848FA /* FirebaseFuncs.swift */,
			);
			path = "Other swift files";
			sourceTree = "<group>";
		};
		077AD8EF2370D62E00890370 /* New Story */ = {
			isa = PBXGroup;
			children = (
				078B123223674B0100764369 /* NewStoryViewController.swift */,
				077AD8F02370D68E00890370 /* NewStoryContinuedViewController.swift */,
				07F813BD2371C121009AC617 /* CatigorySelectorViewController.swift */,
				077AD8ED2370C19C00890370 /* NewStoryNavBar.swift */,
			);
			path = "New Story";
			sourceTree = "<group>";
		};
		07C3C35F23878F700042B5AF /* Profile */ = {
			isa = PBXGroup;
			children = (
				075B2E57235F4949008E2B1B /* ProfileViewController.swift */,
				07C3C36023878FA90042B5AF /* NewCollectionViewController.swift */,
				07C3C3672388AB3D0042B5AF /* CollectionTableViewController.swift */,
			);
			path = Profile;
			sourceTree = "<group>";
		};
		07C3C362238865FA0042B5AF /* Home cells */ = {
			isa = PBXGroup;
			children = (
				075B2E51235E1048008E2B1B /* HomeTableViewCell.swift */,
				075B2E53235E1101008E2B1B /* HomeCollectionViewCell.swift */,
			);
			path = "Home cells";
			sourceTree = "<group>";
		};
		07C3C3632388660E0042B5AF /* Files cells */ = {
			isa = PBXGroup;
			children = (
				070C0AA12360FB48002CEE22 /* FilesTableViewCell.swift */,
				070C0AA52360FC0B002CEE22 /* FilesCollectionViewCell.swift */,
			);
			path = "Files cells";
			sourceTree = "<group>";
		};
		07C3C364238866220042B5AF /* Profile cells */ = {
			isa = PBXGroup;
			children = (
				075B2E55235F4938008E2B1B /* ProfileTableViewCell.swift */,
				07C3C365238866670042B5AF /* ProfileTableViewCell2.swift */,
				07C3C36B238B455C0042B5AF /* CollectionTableViewCell.swift */,
			);
			path = "Profile cells";
			sourceTree = "<group>";
		};
		07E581E1238DBF7500856AB2 /* player */ = {
			isa = PBXGroup;
			children = (
				07F3CBE0237329FF00DD3793 /* PlayerViewController.swift */,
				07E581E2238DBFAE00856AB2 /* QueueViewController.swift */,
			);
			path = player;
			sourceTree = "<group>";
		};
		134945BB49CB4BF0EE5EB2C6 /* Pods */ = {
			isa = PBXGroup;
			children = (
				26B1665565B5056CA4C7F196 /* Pods-Listnr.debug.xcconfig */,
				14470C385F5AF619E6A2B0DE /* Pods-Listnr.release.xcconfig */,
				DA52DF6A363BF949863F6F60 /* Pods-Listnr-ListnrUITests.debug.xcconfig */,
				3616695E5544E644116C7DC5 /* Pods-Listnr-ListnrUITests.release.xcconfig */,
				C7B12535991637BEE3F19052 /* Pods-ListnrTests.debug.xcconfig */,
				45C2DBB74AD1B8F021BB95CB /* Pods-ListnrTests.release.xcconfig */,
			);
			path = Pods;
			sourceTree = "<group>";
		};
		D3E976E484A57177ACF66DA2 /* Frameworks */ = {
			isa = PBXGroup;
			children = (
				B1D4F170E0AEF3B61AB2FDE9 /* Pods_Listnr.framework */,
				E0009D695E1145504E280A33 /* Pods_Listnr_ListnrUITests.framework */,
				FE8BB888E1605FD112FE1A4F /* Pods_ListnrTests.framework */,
			);
			name = Frameworks;
			sourceTree = "<group>";
		};
/* End PBXGroup section */

/* Begin PBXNativeTarget section */
		075B2E18235E0F55008E2B1B /* Listnr */ = {
			isa = PBXNativeTarget;
			buildConfigurationList = 075B2E43235E0F59008E2B1B /* Build configuration list for PBXNativeTarget "Listnr" */;
			buildPhases = (
				B4E6145D92B53EBD752DDC77 /* [CP] Check Pods Manifest.lock */,
				075B2E15235E0F55008E2B1B /* Sources */,
				075B2E16235E0F55008E2B1B /* Frameworks */,
				075B2E17235E0F55008E2B1B /* Resources */,
				849E4D219F9D506A7D02717A /* [CP] Embed Pods Frameworks */,
			);
			buildRules = (
			);
			dependencies = (
			);
			name = Listnr;
			productName = Listenr;
			productReference = 075B2E19235E0F55008E2B1B /* Listnr.app */;
			productType = "com.apple.product-type.application";
		};
		075B2E2E235E0F59008E2B1B /* ListnrTests */ = {
			isa = PBXNativeTarget;
			buildConfigurationList = 075B2E46235E0F59008E2B1B /* Build configuration list for PBXNativeTarget "ListnrTests" */;
			buildPhases = (
				2F215A7C49CE66B2CEDC0492 /* [CP] Check Pods Manifest.lock */,
				075B2E2B235E0F59008E2B1B /* Sources */,
				075B2E2C235E0F59008E2B1B /* Frameworks */,
				075B2E2D235E0F59008E2B1B /* Resources */,
			);
			buildRules = (
			);
			dependencies = (
				075B2E31235E0F59008E2B1B /* PBXTargetDependency */,
			);
			name = ListnrTests;
			productName = ListenrTests;
			productReference = 075B2E2F235E0F59008E2B1B /* ListnrTests.xctest */;
			productType = "com.apple.product-type.bundle.unit-test";
		};
		075B2E39235E0F59008E2B1B /* ListnrUITests */ = {
			isa = PBXNativeTarget;
			buildConfigurationList = 075B2E49235E0F59008E2B1B /* Build configuration list for PBXNativeTarget "ListnrUITests" */;
			buildPhases = (
				8F2DF605BA4AE1B31912D3E4 /* [CP] Check Pods Manifest.lock */,
				075B2E36235E0F59008E2B1B /* Sources */,
				075B2E37235E0F59008E2B1B /* Frameworks */,
				075B2E38235E0F59008E2B1B /* Resources */,
				468110B9D9D2A94349ED3082 /* [CP] Embed Pods Frameworks */,
			);
			buildRules = (
			);
			dependencies = (
				075B2E3C235E0F59008E2B1B /* PBXTargetDependency */,
			);
			name = ListnrUITests;
			productName = ListenrUITests;
			productReference = 075B2E3A235E0F59008E2B1B /* ListnrUITests.xctest */;
			productType = "com.apple.product-type.bundle.ui-testing";
		};
/* End PBXNativeTarget section */

/* Begin PBXProject section */
		075B2E11235E0F55008E2B1B /* Project object */ = {
			isa = PBXProject;
			attributes = {
				LastSwiftUpdateCheck = 1110;
				LastUpgradeCheck = 1110;
				ORGANIZATIONNAME = Listnr;
				TargetAttributes = {
					075B2E18235E0F55008E2B1B = {
						CreatedOnToolsVersion = 11.1;
					};
					075B2E2E235E0F59008E2B1B = {
						CreatedOnToolsVersion = 11.1;
						TestTargetID = 075B2E18235E0F55008E2B1B;
					};
					075B2E39235E0F59008E2B1B = {
						CreatedOnToolsVersion = 11.1;
						TestTargetID = 075B2E18235E0F55008E2B1B;
					};
				};
			};
			buildConfigurationList = 075B2E14235E0F55008E2B1B /* Build configuration list for PBXProject "Listnr" */;
			compatibilityVersion = "Xcode 9.3";
			developmentRegion = en;
			hasScannedForEncodings = 0;
			knownRegions = (
				en,
				Base,
			);
			mainGroup = 075B2E10235E0F55008E2B1B;
			productRefGroup = 075B2E1A235E0F55008E2B1B /* Products */;
			projectDirPath = "";
			projectRoot = "";
			targets = (
				075B2E18235E0F55008E2B1B /* Listnr */,
				075B2E2E235E0F59008E2B1B /* ListnrTests */,
				075B2E39235E0F59008E2B1B /* ListnrUITests */,
			);
		};
/* End PBXProject section */

/* Begin PBXResourcesBuildPhase section */
		075B2E17235E0F55008E2B1B /* Resources */ = {
			isa = PBXResourcesBuildPhase;
			buildActionMask = 2147483647;
			files = (
				078D16BD23843463009D9183 /* orangeFoot.mp3 in Resources */,
				0A26FE51238D9F1900C75CA6 /* clippp.jpg in Resources */,
				075B2E29235E0F58008E2B1B /* LaunchScreen.storyboard in Resources */,
				07D46E9E238705DB00FD7D28 /* GoogleService-Info.plist in Resources */,
				075B2E26235E0F58008E2B1B /* Assets.xcassets in Resources */,
				075B2E24235E0F55008E2B1B /* Main.storyboard in Resources */,
			);
			runOnlyForDeploymentPostprocessing = 0;
		};
		075B2E2D235E0F59008E2B1B /* Resources */ = {
			isa = PBXResourcesBuildPhase;
			buildActionMask = 2147483647;
			files = (
			);
			runOnlyForDeploymentPostprocessing = 0;
		};
		075B2E38235E0F59008E2B1B /* Resources */ = {
			isa = PBXResourcesBuildPhase;
			buildActionMask = 2147483647;
			files = (
			);
			runOnlyForDeploymentPostprocessing = 0;
		};
/* End PBXResourcesBuildPhase section */

/* Begin PBXShellScriptBuildPhase section */
		2F215A7C49CE66B2CEDC0492 /* [CP] Check Pods Manifest.lock */ = {
			isa = PBXShellScriptBuildPhase;
			buildActionMask = 2147483647;
			files = (
			);
			inputFileListPaths = (
			);
			inputPaths = (
				"${PODS_PODFILE_DIR_PATH}/Podfile.lock",
				"${PODS_ROOT}/Manifest.lock",
			);
			name = "[CP] Check Pods Manifest.lock";
			outputFileListPaths = (
			);
			outputPaths = (
				"$(DERIVED_FILE_DIR)/Pods-ListnrTests-checkManifestLockResult.txt",
			);
			runOnlyForDeploymentPostprocessing = 0;
			shellPath = /bin/sh;
			shellScript = "diff \"${PODS_PODFILE_DIR_PATH}/Podfile.lock\" \"${PODS_ROOT}/Manifest.lock\" > /dev/null\nif [ $? != 0 ] ; then\n    # print error to STDERR\n    echo \"error: The sandbox is not in sync with the Podfile.lock. Run 'pod install' or update your CocoaPods installation.\" >&2\n    exit 1\nfi\n# This output is used by Xcode 'outputs' to avoid re-running this script phase.\necho \"SUCCESS\" > \"${SCRIPT_OUTPUT_FILE_0}\"\n";
			showEnvVarsInLog = 0;
		};
		468110B9D9D2A94349ED3082 /* [CP] Embed Pods Frameworks */ = {
			isa = PBXShellScriptBuildPhase;
			buildActionMask = 2147483647;
			files = (
			);
			inputFileListPaths = (
				"${PODS_ROOT}/Target Support Files/Pods-Listnr-ListnrUITests/Pods-Listnr-ListnrUITests-frameworks-${CONFIGURATION}-input-files.xcfilelist",
			);
			name = "[CP] Embed Pods Frameworks";
			outputFileListPaths = (
				"${PODS_ROOT}/Target Support Files/Pods-Listnr-ListnrUITests/Pods-Listnr-ListnrUITests-frameworks-${CONFIGURATION}-output-files.xcfilelist",
			);
			runOnlyForDeploymentPostprocessing = 0;
			shellPath = /bin/sh;
			shellScript = "\"${PODS_ROOT}/Target Support Files/Pods-Listnr-ListnrUITests/Pods-Listnr-ListnrUITests-frameworks.sh\"\n";
			showEnvVarsInLog = 0;
		};
		849E4D219F9D506A7D02717A /* [CP] Embed Pods Frameworks */ = {
			isa = PBXShellScriptBuildPhase;
			buildActionMask = 2147483647;
			files = (
			);
			inputFileListPaths = (
				"${PODS_ROOT}/Target Support Files/Pods-Listnr/Pods-Listnr-frameworks-${CONFIGURATION}-input-files.xcfilelist",
			);
			name = "[CP] Embed Pods Frameworks";
			outputFileListPaths = (
				"${PODS_ROOT}/Target Support Files/Pods-Listnr/Pods-Listnr-frameworks-${CONFIGURATION}-output-files.xcfilelist",
			);
			runOnlyForDeploymentPostprocessing = 0;
			shellPath = /bin/sh;
			shellScript = "\"${PODS_ROOT}/Target Support Files/Pods-Listnr/Pods-Listnr-frameworks.sh\"\n";
			showEnvVarsInLog = 0;
		};
		8F2DF605BA4AE1B31912D3E4 /* [CP] Check Pods Manifest.lock */ = {
			isa = PBXShellScriptBuildPhase;
			buildActionMask = 2147483647;
			files = (
			);
			inputFileListPaths = (
			);
			inputPaths = (
				"${PODS_PODFILE_DIR_PATH}/Podfile.lock",
				"${PODS_ROOT}/Manifest.lock",
			);
			name = "[CP] Check Pods Manifest.lock";
			outputFileListPaths = (
			);
			outputPaths = (
				"$(DERIVED_FILE_DIR)/Pods-Listnr-ListnrUITests-checkManifestLockResult.txt",
			);
			runOnlyForDeploymentPostprocessing = 0;
			shellPath = /bin/sh;
			shellScript = "diff \"${PODS_PODFILE_DIR_PATH}/Podfile.lock\" \"${PODS_ROOT}/Manifest.lock\" > /dev/null\nif [ $? != 0 ] ; then\n    # print error to STDERR\n    echo \"error: The sandbox is not in sync with the Podfile.lock. Run 'pod install' or update your CocoaPods installation.\" >&2\n    exit 1\nfi\n# This output is used by Xcode 'outputs' to avoid re-running this script phase.\necho \"SUCCESS\" > \"${SCRIPT_OUTPUT_FILE_0}\"\n";
			showEnvVarsInLog = 0;
		};
		B4E6145D92B53EBD752DDC77 /* [CP] Check Pods Manifest.lock */ = {
			isa = PBXShellScriptBuildPhase;
			buildActionMask = 2147483647;
			files = (
			);
			inputFileListPaths = (
			);
			inputPaths = (
				"${PODS_PODFILE_DIR_PATH}/Podfile.lock",
				"${PODS_ROOT}/Manifest.lock",
			);
			name = "[CP] Check Pods Manifest.lock";
			outputFileListPaths = (
			);
			outputPaths = (
				"$(DERIVED_FILE_DIR)/Pods-Listnr-checkManifestLockResult.txt",
			);
			runOnlyForDeploymentPostprocessing = 0;
			shellPath = /bin/sh;
			shellScript = "diff \"${PODS_PODFILE_DIR_PATH}/Podfile.lock\" \"${PODS_ROOT}/Manifest.lock\" > /dev/null\nif [ $? != 0 ] ; then\n    # print error to STDERR\n    echo \"error: The sandbox is not in sync with the Podfile.lock. Run 'pod install' or update your CocoaPods installation.\" >&2\n    exit 1\nfi\n# This output is used by Xcode 'outputs' to avoid re-running this script phase.\necho \"SUCCESS\" > \"${SCRIPT_OUTPUT_FILE_0}\"\n";
			showEnvVarsInLog = 0;
		};
/* End PBXShellScriptBuildPhase section */

/* Begin PBXSourcesBuildPhase section */
		075B2E15235E0F55008E2B1B /* Sources */ = {
			isa = PBXSourcesBuildPhase;
			buildActionMask = 2147483647;
			files = (
				075B2E54235E1101008E2B1B /* HomeCollectionViewCell.swift in Sources */,
				075B2E4E235E0FCC008E2B1B /* HomeTableViewController.swift in Sources */,
				070C0AA62360FC0B002CEE22 /* FilesCollectionViewCell.swift in Sources */,
				07C3C36C238B455C0042B5AF /* CollectionTableViewCell.swift in Sources */,
				0AA451A5238C6984000848FA /* FirebaseFuncs.swift in Sources */,
				075B2E1D235E0F55008E2B1B /* AppDelegate.swift in Sources */,
				070C0A9A2360C694002CEE22 /* SearchPageViewController.swift in Sources */,
				0711749D2372367B00BBF904 /* TabBarController.swift in Sources */,
				075B2E5B235F641D008E2B1B /* Global Variables.swift in Sources */,
				07C3C36123878FA90042B5AF /* NewCollectionViewController.swift in Sources */,
				077AD8EE2370C19C00890370 /* NewStoryNavBar.swift in Sources */,
				075B2E56235F4938008E2B1B /* ProfileTableViewCell.swift in Sources */,
				07F813BC2371C0C9009AC617 /* CatigorySelectorCollectionViewCell.swift in Sources */,
				070C0AA82361312B002CEE22 /* SetUpFilesPage.swift in Sources */,
				075B2E58235F4949008E2B1B /* ProfileViewController.swift in Sources */,
				077AD8F12370D68E00890370 /* NewStoryContinuedViewController.swift in Sources */,
				07F813BE2371C121009AC617 /* CatigorySelectorViewController.swift in Sources */,
				070C0A9E2360DC80002CEE22 /* SearchTableViewCell.swift in Sources */,
				07C3C3682388AB3D0042B5AF /* CollectionTableViewController.swift in Sources */,
				07C3C366238866670042B5AF /* ProfileTableViewCell2.swift in Sources */,
				07E581E3238DBFAE00856AB2 /* QueueViewController.swift in Sources */,
				070C0AA22360FB48002CEE22 /* FilesTableViewCell.swift in Sources */,
				07E581E5238DC09700856AB2 /* QueueTableViewCell.swift in Sources */,
				07F3CBE32375AE0E00DD3793 /* AudioPlayer.swift in Sources */,
				07F3CBE1237329FF00DD3793 /* PlayerViewController.swift in Sources */,
				070C0A982360915E002CEE22 /* RandomColorGenerator.swift in Sources */,
				078B123323674B0100764369 /* NewStoryViewController.swift in Sources */,
				075B2E52235E1048008E2B1B /* HomeTableViewCell.swift in Sources */,
				070C0A9623608D45002CEE22 /* SetUpProfilePage.swift in Sources */,
				075B2E1F235E0F55008E2B1B /* SceneDelegate.swift in Sources */,
				070C0AA02360FB13002CEE22 /* FilesTableViewController.swift in Sources */,
			);
			runOnlyForDeploymentPostprocessing = 0;
		};
		075B2E2B235E0F59008E2B1B /* Sources */ = {
			isa = PBXSourcesBuildPhase;
			buildActionMask = 2147483647;
			files = (
				075B2E34235E0F59008E2B1B /* ListenrTests.swift in Sources */,
			);
			runOnlyForDeploymentPostprocessing = 0;
		};
		075B2E36235E0F59008E2B1B /* Sources */ = {
			isa = PBXSourcesBuildPhase;
			buildActionMask = 2147483647;
			files = (
				075B2E3F235E0F59008E2B1B /* ListenrUITests.swift in Sources */,
			);
			runOnlyForDeploymentPostprocessing = 0;
		};
/* End PBXSourcesBuildPhase section */

/* Begin PBXTargetDependency section */
		075B2E31235E0F59008E2B1B /* PBXTargetDependency */ = {
			isa = PBXTargetDependency;
			target = 075B2E18235E0F55008E2B1B /* Listnr */;
			targetProxy = 075B2E30235E0F59008E2B1B /* PBXContainerItemProxy */;
		};
		075B2E3C235E0F59008E2B1B /* PBXTargetDependency */ = {
			isa = PBXTargetDependency;
			target = 075B2E18235E0F55008E2B1B /* Listnr */;
			targetProxy = 075B2E3B235E0F59008E2B1B /* PBXContainerItemProxy */;
		};
/* End PBXTargetDependency section */

/* Begin PBXVariantGroup section */
		075B2E22235E0F55008E2B1B /* Main.storyboard */ = {
			isa = PBXVariantGroup;
			children = (
				075B2E23235E0F55008E2B1B /* Base */,
			);
			name = Main.storyboard;
			sourceTree = "<group>";
		};
		075B2E27235E0F58008E2B1B /* LaunchScreen.storyboard */ = {
			isa = PBXVariantGroup;
			children = (
				075B2E28235E0F58008E2B1B /* Base */,
			);
			name = LaunchScreen.storyboard;
			sourceTree = "<group>";
		};
/* End PBXVariantGroup section */

/* Begin XCBuildConfiguration section */
		075B2E41235E0F59008E2B1B /* Debug */ = {
			isa = XCBuildConfiguration;
			buildSettings = {
				ALWAYS_SEARCH_USER_PATHS = NO;
				CLANG_ANALYZER_NONNULL = YES;
				CLANG_ANALYZER_NUMBER_OBJECT_CONVERSION = YES_AGGRESSIVE;
				CLANG_CXX_LANGUAGE_STANDARD = "gnu++14";
				CLANG_CXX_LIBRARY = "libc++";
				CLANG_ENABLE_MODULES = YES;
				CLANG_ENABLE_OBJC_ARC = YES;
				CLANG_ENABLE_OBJC_WEAK = YES;
				CLANG_WARN_BLOCK_CAPTURE_AUTORELEASING = YES;
				CLANG_WARN_BOOL_CONVERSION = YES;
				CLANG_WARN_COMMA = YES;
				CLANG_WARN_CONSTANT_CONVERSION = YES;
				CLANG_WARN_DEPRECATED_OBJC_IMPLEMENTATIONS = YES;
				CLANG_WARN_DIRECT_OBJC_ISA_USAGE = YES_ERROR;
				CLANG_WARN_DOCUMENTATION_COMMENTS = YES;
				CLANG_WARN_EMPTY_BODY = YES;
				CLANG_WARN_ENUM_CONVERSION = YES;
				CLANG_WARN_INFINITE_RECURSION = YES;
				CLANG_WARN_INT_CONVERSION = YES;
				CLANG_WARN_NON_LITERAL_NULL_CONVERSION = YES;
				CLANG_WARN_OBJC_IMPLICIT_RETAIN_SELF = YES;
				CLANG_WARN_OBJC_LITERAL_CONVERSION = YES;
				CLANG_WARN_OBJC_ROOT_CLASS = YES_ERROR;
				CLANG_WARN_RANGE_LOOP_ANALYSIS = YES;
				CLANG_WARN_STRICT_PROTOTYPES = YES;
				CLANG_WARN_SUSPICIOUS_MOVE = YES;
				CLANG_WARN_UNGUARDED_AVAILABILITY = YES_AGGRESSIVE;
				CLANG_WARN_UNREACHABLE_CODE = YES;
				CLANG_WARN__DUPLICATE_METHOD_MATCH = YES;
				COPY_PHASE_STRIP = NO;
				DEBUG_INFORMATION_FORMAT = dwarf;
				ENABLE_STRICT_OBJC_MSGSEND = YES;
				ENABLE_TESTABILITY = YES;
				GCC_C_LANGUAGE_STANDARD = gnu11;
				GCC_DYNAMIC_NO_PIC = NO;
				GCC_NO_COMMON_BLOCKS = YES;
				GCC_OPTIMIZATION_LEVEL = 0;
				GCC_PREPROCESSOR_DEFINITIONS = (
					"DEBUG=1",
					"$(inherited)",
				);
				GCC_WARN_64_TO_32_BIT_CONVERSION = YES;
				GCC_WARN_ABOUT_RETURN_TYPE = YES_ERROR;
				GCC_WARN_UNDECLARED_SELECTOR = YES;
				GCC_WARN_UNINITIALIZED_AUTOS = YES_AGGRESSIVE;
				GCC_WARN_UNUSED_FUNCTION = YES;
				GCC_WARN_UNUSED_VARIABLE = YES;
				IPHONEOS_DEPLOYMENT_TARGET = 13.1;
				MTL_ENABLE_DEBUG_INFO = INCLUDE_SOURCE;
				MTL_FAST_MATH = YES;
				ONLY_ACTIVE_ARCH = YES;
				SDKROOT = iphoneos;
				SWIFT_ACTIVE_COMPILATION_CONDITIONS = DEBUG;
				SWIFT_OPTIMIZATION_LEVEL = "-Onone";
			};
			name = Debug;
		};
		075B2E42235E0F59008E2B1B /* Release */ = {
			isa = XCBuildConfiguration;
			buildSettings = {
				ALWAYS_SEARCH_USER_PATHS = NO;
				CLANG_ANALYZER_NONNULL = YES;
				CLANG_ANALYZER_NUMBER_OBJECT_CONVERSION = YES_AGGRESSIVE;
				CLANG_CXX_LANGUAGE_STANDARD = "gnu++14";
				CLANG_CXX_LIBRARY = "libc++";
				CLANG_ENABLE_MODULES = YES;
				CLANG_ENABLE_OBJC_ARC = YES;
				CLANG_ENABLE_OBJC_WEAK = YES;
				CLANG_WARN_BLOCK_CAPTURE_AUTORELEASING = YES;
				CLANG_WARN_BOOL_CONVERSION = YES;
				CLANG_WARN_COMMA = YES;
				CLANG_WARN_CONSTANT_CONVERSION = YES;
				CLANG_WARN_DEPRECATED_OBJC_IMPLEMENTATIONS = YES;
				CLANG_WARN_DIRECT_OBJC_ISA_USAGE = YES_ERROR;
				CLANG_WARN_DOCUMENTATION_COMMENTS = YES;
				CLANG_WARN_EMPTY_BODY = YES;
				CLANG_WARN_ENUM_CONVERSION = YES;
				CLANG_WARN_INFINITE_RECURSION = YES;
				CLANG_WARN_INT_CONVERSION = YES;
				CLANG_WARN_NON_LITERAL_NULL_CONVERSION = YES;
				CLANG_WARN_OBJC_IMPLICIT_RETAIN_SELF = YES;
				CLANG_WARN_OBJC_LITERAL_CONVERSION = YES;
				CLANG_WARN_OBJC_ROOT_CLASS = YES_ERROR;
				CLANG_WARN_RANGE_LOOP_ANALYSIS = YES;
				CLANG_WARN_STRICT_PROTOTYPES = YES;
				CLANG_WARN_SUSPICIOUS_MOVE = YES;
				CLANG_WARN_UNGUARDED_AVAILABILITY = YES_AGGRESSIVE;
				CLANG_WARN_UNREACHABLE_CODE = YES;
				CLANG_WARN__DUPLICATE_METHOD_MATCH = YES;
				COPY_PHASE_STRIP = NO;
				DEBUG_INFORMATION_FORMAT = "dwarf-with-dsym";
				ENABLE_NS_ASSERTIONS = NO;
				ENABLE_STRICT_OBJC_MSGSEND = YES;
				GCC_C_LANGUAGE_STANDARD = gnu11;
				GCC_NO_COMMON_BLOCKS = YES;
				GCC_WARN_64_TO_32_BIT_CONVERSION = YES;
				GCC_WARN_ABOUT_RETURN_TYPE = YES_ERROR;
				GCC_WARN_UNDECLARED_SELECTOR = YES;
				GCC_WARN_UNINITIALIZED_AUTOS = YES_AGGRESSIVE;
				GCC_WARN_UNUSED_FUNCTION = YES;
				GCC_WARN_UNUSED_VARIABLE = YES;
				IPHONEOS_DEPLOYMENT_TARGET = 13.1;
				MTL_ENABLE_DEBUG_INFO = NO;
				MTL_FAST_MATH = YES;
				SDKROOT = iphoneos;
				SWIFT_COMPILATION_MODE = wholemodule;
				SWIFT_OPTIMIZATION_LEVEL = "-O";
				VALIDATE_PRODUCT = YES;
			};
			name = Release;
		};
		075B2E44235E0F59008E2B1B /* Debug */ = {
			isa = XCBuildConfiguration;
			baseConfigurationReference = 26B1665565B5056CA4C7F196 /* Pods-Listnr.debug.xcconfig */;
			buildSettings = {
				ASSETCATALOG_COMPILER_APPICON_NAME = AppIcon;
				CODE_SIGN_STYLE = Automatic;
				DEVELOPMENT_TEAM = C8C6KX36TY;
				INFOPLIST_FILE = Listnr/Info.plist;
				LD_RUNPATH_SEARCH_PATHS = (
					"$(inherited)",
					"@executable_path/Frameworks",
				);
				PRODUCT_BUNDLE_IDENTIFIER = OM.Listnr;
				PRODUCT_NAME = "$(TARGET_NAME)";
				SWIFT_VERSION = 5.0;
				TARGETED_DEVICE_FAMILY = 1;
			};
			name = Debug;
		};
		075B2E45235E0F59008E2B1B /* Release */ = {
			isa = XCBuildConfiguration;
			baseConfigurationReference = 14470C385F5AF619E6A2B0DE /* Pods-Listnr.release.xcconfig */;
			buildSettings = {
				ASSETCATALOG_COMPILER_APPICON_NAME = AppIcon;
				CODE_SIGN_STYLE = Automatic;
				DEVELOPMENT_TEAM = C8C6KX36TY;
				INFOPLIST_FILE = Listnr/Info.plist;
				LD_RUNPATH_SEARCH_PATHS = (
					"$(inherited)",
					"@executable_path/Frameworks",
				);
				PRODUCT_BUNDLE_IDENTIFIER = OM.Listnr;
				PRODUCT_NAME = "$(TARGET_NAME)";
				SWIFT_VERSION = 5.0;
				TARGETED_DEVICE_FAMILY = 1;
			};
			name = Release;
		};
		075B2E47235E0F59008E2B1B /* Debug */ = {
			isa = XCBuildConfiguration;
			baseConfigurationReference = C7B12535991637BEE3F19052 /* Pods-ListnrTests.debug.xcconfig */;
			buildSettings = {
				ALWAYS_EMBED_SWIFT_STANDARD_LIBRARIES = YES;
				BUNDLE_LOADER = "$(TEST_HOST)";
				CODE_SIGN_STYLE = Automatic;
				INFOPLIST_FILE = ListenrTests/Info.plist;
				IPHONEOS_DEPLOYMENT_TARGET = 13.1;
				LD_RUNPATH_SEARCH_PATHS = (
					"$(inherited)",
					"@executable_path/Frameworks",
					"@loader_path/Frameworks",
				);
				PRODUCT_BUNDLE_IDENTIFIER = CEL.ListenrTests;
				PRODUCT_NAME = "$(TARGET_NAME)";
				SWIFT_VERSION = 5.0;
				TARGETED_DEVICE_FAMILY = "1,2";
				TEST_HOST = "$(BUILT_PRODUCTS_DIR)/Listnr.app/Listnr";
			};
			name = Debug;
		};
		075B2E48235E0F59008E2B1B /* Release */ = {
			isa = XCBuildConfiguration;
			baseConfigurationReference = 45C2DBB74AD1B8F021BB95CB /* Pods-ListnrTests.release.xcconfig */;
			buildSettings = {
				ALWAYS_EMBED_SWIFT_STANDARD_LIBRARIES = YES;
				BUNDLE_LOADER = "$(TEST_HOST)";
				CODE_SIGN_STYLE = Automatic;
				INFOPLIST_FILE = ListenrTests/Info.plist;
				IPHONEOS_DEPLOYMENT_TARGET = 13.1;
				LD_RUNPATH_SEARCH_PATHS = (
					"$(inherited)",
					"@executable_path/Frameworks",
					"@loader_path/Frameworks",
				);
				PRODUCT_BUNDLE_IDENTIFIER = CEL.ListenrTests;
				PRODUCT_NAME = "$(TARGET_NAME)";
				SWIFT_VERSION = 5.0;
				TARGETED_DEVICE_FAMILY = "1,2";
				TEST_HOST = "$(BUILT_PRODUCTS_DIR)/Listnr.app/Listnr";
			};
			name = Release;
		};
		075B2E4A235E0F59008E2B1B /* Debug */ = {
			isa = XCBuildConfiguration;
			baseConfigurationReference = DA52DF6A363BF949863F6F60 /* Pods-Listnr-ListnrUITests.debug.xcconfig */;
			buildSettings = {
				ALWAYS_EMBED_SWIFT_STANDARD_LIBRARIES = YES;
				CODE_SIGN_STYLE = Automatic;
				INFOPLIST_FILE = ListenrUITests/Info.plist;
				LD_RUNPATH_SEARCH_PATHS = (
					"$(inherited)",
					"@executable_path/Frameworks",
					"@loader_path/Frameworks",
				);
				PRODUCT_BUNDLE_IDENTIFIER = CEL.ListenrUITests;
				PRODUCT_NAME = "$(TARGET_NAME)";
				SWIFT_VERSION = 5.0;
				TARGETED_DEVICE_FAMILY = "1,2";
				TEST_TARGET_NAME = Listenr;
			};
			name = Debug;
		};
		075B2E4B235E0F59008E2B1B /* Release */ = {
			isa = XCBuildConfiguration;
			baseConfigurationReference = 3616695E5544E644116C7DC5 /* Pods-Listnr-ListnrUITests.release.xcconfig */;
			buildSettings = {
				ALWAYS_EMBED_SWIFT_STANDARD_LIBRARIES = YES;
				CODE_SIGN_STYLE = Automatic;
				INFOPLIST_FILE = ListenrUITests/Info.plist;
				LD_RUNPATH_SEARCH_PATHS = (
					"$(inherited)",
					"@executable_path/Frameworks",
					"@loader_path/Frameworks",
				);
				PRODUCT_BUNDLE_IDENTIFIER = CEL.ListenrUITests;
				PRODUCT_NAME = "$(TARGET_NAME)";
				SWIFT_VERSION = 5.0;
				TARGETED_DEVICE_FAMILY = "1,2";
				TEST_TARGET_NAME = Listenr;
			};
			name = Release;
		};
/* End XCBuildConfiguration section */

/* Begin XCConfigurationList section */
		075B2E14235E0F55008E2B1B /* Build configuration list for PBXProject "Listnr" */ = {
			isa = XCConfigurationList;
			buildConfigurations = (
				075B2E41235E0F59008E2B1B /* Debug */,
				075B2E42235E0F59008E2B1B /* Release */,
			);
			defaultConfigurationIsVisible = 0;
			defaultConfigurationName = Release;
		};
		075B2E43235E0F59008E2B1B /* Build configuration list for PBXNativeTarget "Listnr" */ = {
			isa = XCConfigurationList;
			buildConfigurations = (
				075B2E44235E0F59008E2B1B /* Debug */,
				075B2E45235E0F59008E2B1B /* Release */,
			);
			defaultConfigurationIsVisible = 0;
			defaultConfigurationName = Release;
		};
		075B2E46235E0F59008E2B1B /* Build configuration list for PBXNativeTarget "ListnrTests" */ = {
			isa = XCConfigurationList;
			buildConfigurations = (
				075B2E47235E0F59008E2B1B /* Debug */,
				075B2E48235E0F59008E2B1B /* Release */,
			);
			defaultConfigurationIsVisible = 0;
			defaultConfigurationName = Release;
		};
		075B2E49235E0F59008E2B1B /* Build configuration list for PBXNativeTarget "ListnrUITests" */ = {
			isa = XCConfigurationList;
			buildConfigurations = (
				075B2E4A235E0F59008E2B1B /* Debug */,
				075B2E4B235E0F59008E2B1B /* Release */,
			);
			defaultConfigurationIsVisible = 0;
			defaultConfigurationName = Release;
		};
/* End XCConfigurationList section */
	};
	rootObject = 075B2E11235E0F55008E2B1B /* Project object */;
}
